// !$*UTF8*$!
{
	archiveVersion = 1;
	classes = {
	};
	objectVersion = 46;
	objects = {

/* Begin PBXBuildFile section */
		1F5052E61E33C8C400F20621 /* AppDelegate.swift in Sources */ = {isa = PBXBuildFile; fileRef = 1F5052E51E33C8C400F20621 /* AppDelegate.swift */; };
		1F5052E81E33C8C400F20621 /* ViewController.swift in Sources */ = {isa = PBXBuildFile; fileRef = 1F5052E71E33C8C400F20621 /* ViewController.swift */; };
		1F5052EB1E33C8C400F20621 /* Main.storyboard in Resources */ = {isa = PBXBuildFile; fileRef = 1F5052E91E33C8C400F20621 /* Main.storyboard */; };
		1F5052EE1E33C8C400F20621 /* helloworld.xcdatamodeld in Sources */ = {isa = PBXBuildFile; fileRef = 1F5052EC1E33C8C400F20621 /* helloworld.xcdatamodeld */; };
		1F5052F01E33C8C400F20621 /* Assets.xcassets in Resources */ = {isa = PBXBuildFile; fileRef = 1F5052EF1E33C8C400F20621 /* Assets.xcassets */; };
		1F5052F31E33C8C400F20621 /* LaunchScreen.storyboard in Resources */ = {isa = PBXBuildFile; fileRef = 1F5052F11E33C8C400F20621 /* LaunchScreen.storyboard */; };
		1F5052FE1E33C8C400F20621 /* helloworldTests.swift in Sources */ = {isa = PBXBuildFile; fileRef = 1F5052FD1E33C8C400F20621 /* helloworldTests.swift */; };
		1F5053091E33C8C400F20621 /* helloworldUITests.swift in Sources */ = {isa = PBXBuildFile; fileRef = 1F5053081E33C8C400F20621 /* helloworldUITests.swift */; };
/* End PBXBuildFile section */

/* Begin PBXContainerItemProxy section */
		1F5052FA1E33C8C400F20621 /* PBXContainerItemProxy */ = {
			isa = PBXContainerItemProxy;
			containerPortal = 1F5052DA1E33C8C400F20621 /* Project object */;
			proxyType = 1;
			remoteGlobalIDString = 1F5052E11E33C8C400F20621;
			remoteInfo = helloworld;
		};
		1F5053051E33C8C400F20621 /* PBXContainerItemProxy */ = {
			isa = PBXContainerItemProxy;
			containerPortal = 1F5052DA1E33C8C400F20621 /* Project object */;
			proxyType = 1;
			remoteGlobalIDString = 1F5052E11E33C8C400F20621;
			remoteInfo = helloworld;
		};
/* End PBXContainerItemProxy section */

/* Begin PBXFileReference section */
		1F5052E21E33C8C400F20621 /* helloworld.app */ = {isa = PBXFileReference; explicitFileType = wrapper.application; includeInIndex = 0; path = helloworld.app; sourceTree = BUILT_PRODUCTS_DIR; };
		1F5052E51E33C8C400F20621 /* AppDelegate.swift */ = {isa = PBXFileReference; lastKnownFileType = sourcecode.swift; path = AppDelegate.swift; sourceTree = "<group>"; };
		1F5052E71E33C8C400F20621 /* ViewController.swift */ = {isa = PBXFileReference; lastKnownFileType = sourcecode.swift; path = ViewController.swift; sourceTree = "<group>"; };
		1F5052EA1E33C8C400F20621 /* Base */ = {isa = PBXFileReference; lastKnownFileType = file.storyboard; name = Base; path = Base.lproj/Main.storyboard; sourceTree = "<group>"; };
		1F5052ED1E33C8C400F20621 /* helloworld.xcdatamodel */ = {isa = PBXFileReference; lastKnownFileType = wrapper.xcdatamodel; path = helloworld.xcdatamodel; sourceTree = "<group>"; };
		1F5052EF1E33C8C400F20621 /* Assets.xcassets */ = {isa = PBXFileReference; lastKnownFileType = folder.assetcatalog; path = Assets.xcassets; sourceTree = "<group>"; };
		1F5052F21E33C8C400F20621 /* Base */ = {isa = PBXFileReference; lastKnownFileType = file.storyboard; name = Base; path = Base.lproj/LaunchScreen.storyboard; sourceTree = "<group>"; };
		1F5052F41E33C8C400F20621 /* Info.plist */ = {isa = PBXFileReference; lastKnownFileType = text.plist.xml; path = Info.plist; sourceTree = "<group>"; };
		1F5052F91E33C8C400F20621 /* helloworldTests.xctest */ = {isa = PBXFileReference; explicitFileType = wrapper.cfbundle; includeInIndex = 0; path = helloworldTests.xctest; sourceTree = BUILT_PRODUCTS_DIR; };
		1F5052FD1E33C8C400F20621 /* helloworldTests.swift */ = {isa = PBXFileReference; lastKnownFileType = sourcecode.swift; path = helloworldTests.swift; sourceTree = "<group>"; };
		1F5052FF1E33C8C400F20621 /* Info.plist */ = {isa = PBXFileReference; lastKnownFileType = text.plist.xml; path = Info.plist; sourceTree = "<group>"; };
		1F5053041E33C8C400F20621 /* helloworldUITests.xctest */ = {isa = PBXFileReference; explicitFileType = wrapper.cfbundle; includeInIndex = 0; path = helloworldUITests.xctest; sourceTree = BUILT_PRODUCTS_DIR; };
		1F5053081E33C8C400F20621 /* helloworldUITests.swift */ = {isa = PBXFileReference; lastKnownFileType = sourcecode.swift; path = helloworldUITests.swift; sourceTree = "<group>"; };
		1F50530A1E33C8C400F20621 /* Info.plist */ = {isa = PBXFileReference; lastKnownFileType = text.plist.xml; path = Info.plist; sourceTree = "<group>"; };
/* End PBXFileReference section */

/* Begin PBXFrameworksBuildPhase section */
		1F5052DF1E33C8C400F20621 /* Frameworks */ = {
			isa = PBXFrameworksBuildPhase;
			buildActionMask = 2147483647;
			files = (
			);
			runOnlyForDeploymentPostprocessing = 0;
		};
		1F5052F61E33C8C400F20621 /* Frameworks */ = {
			isa = PBXFrameworksBuildPhase;
			buildActionMask = 2147483647;
			files = (
			);
			runOnlyForDeploymentPostprocessing = 0;
		};
		1F5053011E33C8C400F20621 /* Frameworks */ = {
			isa = PBXFrameworksBuildPhase;
			buildActionMask = 2147483647;
			files = (
			);
			runOnlyForDeploymentPostprocessing = 0;
		};
/* End PBXFrameworksBuildPhase section */

/* Begin PBXGroup section */
		1F5052D91E33C8C400F20621 = {
			isa = PBXGroup;
			children = (
				1F5052E41E33C8C400F20621 /* helloworld */,
				1F5052FC1E33C8C400F20621 /* helloworldTests */,
				1F5053071E33C8C400F20621 /* helloworldUITests */,
				1F5052E31E33C8C400F20621 /* Products */,
			);
			sourceTree = "<group>";
		};
		1F5052E31E33C8C400F20621 /* Products */ = {
			isa = PBXGroup;
			children = (
				1F5052E21E33C8C400F20621 /* helloworld.app */,
				1F5052F91E33C8C400F20621 /* helloworldTests.xctest */,
				1F5053041E33C8C400F20621 /* helloworldUITests.xctest */,
			);
			name = Products;
			sourceTree = "<group>";
		};
		1F5052E41E33C8C400F20621 /* helloworld */ = {
			isa = PBXGroup;
			children = (
				1F5052E51E33C8C400F20621 /* AppDelegate.swift */,
				1F5052E71E33C8C400F20621 /* ViewController.swift */,
				1F5052E91E33C8C400F20621 /* Main.storyboard */,
				1F5052EF1E33C8C400F20621 /* Assets.xcassets */,
				1F5052F11E33C8C400F20621 /* LaunchScreen.storyboard */,
				1F5052F41E33C8C400F20621 /* Info.plist */,
				1F5052EC1E33C8C400F20621 /* helloworld.xcdatamodeld */,
			);
			path = helloworld;
			sourceTree = "<group>";
		};
		1F5052FC1E33C8C400F20621 /* helloworldTests */ = {
			isa = PBXGroup;
			children = (
				1F5052FD1E33C8C400F20621 /* helloworldTests.swift */,
				1F5052FF1E33C8C400F20621 /* Info.plist */,
			);
			path = helloworldTests;
			sourceTree = "<group>";
		};
		1F5053071E33C8C400F20621 /* helloworldUITests */ = {
			isa = PBXGroup;
			children = (
				1F5053081E33C8C400F20621 /* helloworldUITests.swift */,
				1F50530A1E33C8C400F20621 /* Info.plist */,
			);
			path = helloworldUITests;
			sourceTree = "<group>";
		};
/* End PBXGroup section */

/* Begin PBXNativeTarget section */
		1F5052E11E33C8C400F20621 /* helloworld */ = {
			isa = PBXNativeTarget;
			buildConfigurationList = 1F50530D1E33C8C400F20621 /* Build configuration list for PBXNativeTarget "helloworld" */;
			buildPhases = (
				1F5052DE1E33C8C400F20621 /* Sources */,
				1F5052DF1E33C8C400F20621 /* Frameworks */,
				1F5052E01E33C8C400F20621 /* Resources */,
			);
			buildRules = (
			);
			dependencies = (
			);
			name = helloworld;
			productName = helloworld;
			productReference = 1F5052E21E33C8C400F20621 /* helloworld.app */;
			productType = "com.apple.product-type.application";
		};
		1F5052F81E33C8C400F20621 /* helloworldTests */ = {
			isa = PBXNativeTarget;
			buildConfigurationList = 1F5053101E33C8C400F20621 /* Build configuration list for PBXNativeTarget "helloworldTests" */;
			buildPhases = (
				1F5052F51E33C8C400F20621 /* Sources */,
				1F5052F61E33C8C400F20621 /* Frameworks */,
				1F5052F71E33C8C400F20621 /* Resources */,
			);
			buildRules = (
			);
			dependencies = (
				1F5052FB1E33C8C400F20621 /* PBXTargetDependency */,
			);
			name = helloworldTests;
			productName = helloworldTests;
			productReference = 1F5052F91E33C8C400F20621 /* helloworldTests.xctest */;
			productType = "com.apple.product-type.bundle.unit-test";
		};
		1F5053031E33C8C400F20621 /* helloworldUITests */ = {
			isa = PBXNativeTarget;
			buildConfigurationList = 1F5053131E33C8C400F20621 /* Build configuration list for PBXNativeTarget "helloworldUITests" */;
			buildPhases = (
				1F5053001E33C8C400F20621 /* Sources */,
				1F5053011E33C8C400F20621 /* Frameworks */,
				1F5053021E33C8C400F20621 /* Resources */,
			);
			buildRules = (
			);
			dependencies = (
				1F5053061E33C8C400F20621 /* PBXTargetDependency */,
			);
			name = helloworldUITests;
			productName = helloworldUITests;
			productReference = 1F5053041E33C8C400F20621 /* helloworldUITests.xctest */;
			productType = "com.apple.product-type.bundle.ui-testing";
		};
/* End PBXNativeTarget section */

/* Begin PBXProject section */
		1F5052DA1E33C8C400F20621 /* Project object */ = {
			isa = PBXProject;
			attributes = {
				LastSwiftUpdateCheck = 0820;
				LastUpgradeCheck = 0820;
				ORGANIZATIONNAME = Country.Girls;
				TargetAttributes = {
					1F5052E11E33C8C400F20621 = {
						CreatedOnToolsVersion = 8.2.1;
						ProvisioningStyle = Automatic;
					};
					1F5052F81E33C8C400F20621 = {
						CreatedOnToolsVersion = 8.2.1;
						ProvisioningStyle = Automatic;
						TestTargetID = 1F5052E11E33C8C400F20621;
					};
					1F5053031E33C8C400F20621 = {
						CreatedOnToolsVersion = 8.2.1;
						ProvisioningStyle = Automatic;
						TestTargetID = 1F5052E11E33C8C400F20621;
					};
				};
			};
			buildConfigurationList = 1F5052DD1E33C8C400F20621 /* Build configuration list for PBXProject "helloworld" */;
			compatibilityVersion = "Xcode 3.2";
			developmentRegion = English;
			hasScannedForEncodings = 0;
			knownRegions = (
				en,
				Base,
			);
			mainGroup = 1F5052D91E33C8C400F20621;
			productRefGroup = 1F5052E31E33C8C400F20621 /* Products */;
			projectDirPath = "";
			projectRoot = "";
			targets = (
				1F5052E11E33C8C400F20621 /* helloworld */,
				1F5052F81E33C8C400F20621 /* helloworldTests */,
				1F5053031E33C8C400F20621 /* helloworldUITests */,
			);
		};
/* End PBXProject section */

/* Begin PBXResourcesBuildPhase section */
		1F5052E01E33C8C400F20621 /* Resources */ = {
			isa = PBXResourcesBuildPhase;
			buildActionMask = 2147483647;
			files = (
				1F5052F31E33C8C400F20621 /* LaunchScreen.storyboard in Resources */,
				1F5052F01E33C8C400F20621 /* Assets.xcassets in Resources */,
				1F5052EB1E33C8C400F20621 /* Main.storyboard in Resources */,
			);
			runOnlyForDeploymentPostprocessing = 0;
		};
		1F5052F71E33C8C400F20621 /* Resources */ = {
			isa = PBXResourcesBuildPhase;
			buildActionMask = 2147483647;
			files = (
			);
			runOnlyForDeploymentPostprocessing = 0;
		};
		1F5053021E33C8C400F20621 /* Resources */ = {
			isa = PBXResourcesBuildPhase;
			buildActionMask = 2147483647;
			files = (
			);
			runOnlyForDeploymentPostprocessing = 0;
		};
/* End PBXResourcesBuildPhase section */

/* Begin PBXSourcesBuildPhase section */
		1F5052DE1E33C8C400F20621 /* Sources */ = {
			isa = PBXSourcesBuildPhase;
			buildActionMask = 2147483647;
			files = (
				1F5052E81E33C8C400F20621 /* ViewController.swift in Sources */,
				1F5052E61E33C8C400F20621 /* AppDelegate.swift in Sources */,
				1F5052EE1E33C8C400F20621 /* helloworld.xcdatamodeld in Sources */,
			);
			runOnlyForDeploymentPostprocessing = 0;
		};
		1F5052F51E33C8C400F20621 /* Sources */ = {
			isa = PBXSourcesBuildPhase;
			buildActionMask = 2147483647;
			files = (
				1F5052FE1E33C8C400F20621 /* helloworldTests.swift in Sources */,
			);
			runOnlyForDeploymentPostprocessing = 0;
		};
		1F5053001E33C8C400F20621 /* Sources */ = {
			isa = PBXSourcesBuildPhase;
			buildActionMask = 2147483647;
			files = (
				1F5053091E33C8C400F20621 /* helloworldUITests.swift in Sources */,
			);
			runOnlyForDeploymentPostprocessing = 0;
		};
/* End PBXSourcesBuildPhase section */

/* Begin PBXTargetDependency section */
		1F5052FB1E33C8C400F20621 /* PBXTargetDependency */ = {
			isa = PBXTargetDependency;
			target = 1F5052E11E33C8C400F20621 /* helloworld */;
			targetProxy = 1F5052FA1E33C8C400F20621 /* PBXContainerItemProxy */;
		};
		1F5053061E33C8C400F20621 /* PBXTargetDependency */ = {
			isa = PBXTargetDependency;
			target = 1F5052E11E33C8C400F20621 /* helloworld */;
			targetProxy = 1F5053051E33C8C400F20621 /* PBXContainerItemProxy */;
		};
/* End PBXTargetDependency section */

/* Begin PBXVariantGroup section */
		1F5052E91E33C8C400F20621 /* Main.storyboard */ = {
			isa = PBXVariantGroup;
			children = (
				1F5052EA1E33C8C400F20621 /* Base */,
			);
			name = Main.storyboard;
			sourceTree = "<group>";
		};
		1F5052F11E33C8C400F20621 /* LaunchScreen.storyboard */ = {
			isa = PBXVariantGroup;
			children = (
				1F5052F21E33C8C400F20621 /* Base */,
			);
			name = LaunchScreen.storyboard;
			sourceTree = "<group>";
		};
/* End PBXVariantGroup section */

/* Begin XCBuildConfiguration section */
		1F50530B1E33C8C400F20621 /* Debug */ = {
			isa = XCBuildConfiguration;
			buildSettings = {
				ALWAYS_SEARCH_USER_PATHS = NO;
				CLANG_ANALYZER_NONNULL = YES;
				CLANG_CXX_LANGUAGE_STANDARD = "gnu++0x";
				CLANG_CXX_LIBRARY = "libc++";
				CLANG_ENABLE_MODULES = YES;
				CLANG_ENABLE_OBJC_ARC = YES;
				CLANG_WARN_BOOL_CONVERSION = YES;
				CLANG_WARN_CONSTANT_CONVERSION = YES;
				CLANG_WARN_DIRECT_OBJC_ISA_USAGE = YES_ERROR;
				CLANG_WARN_DOCUMENTATION_COMMENTS = YES;
				CLANG_WARN_EMPTY_BODY = YES;
				CLANG_WARN_ENUM_CONVERSION = YES;
				CLANG_WARN_INFINITE_RECURSION = YES;
				CLANG_WARN_INT_CONVERSION = YES;
				CLANG_WARN_OBJC_ROOT_CLASS = YES_ERROR;
				CLANG_WARN_SUSPICIOUS_MOVE = YES;
				CLANG_WARN_UNREACHABLE_CODE = YES;
				CLANG_WARN__DUPLICATE_METHOD_MATCH = YES;
				"CODE_SIGN_IDENTITY[sdk=iphoneos*]" = "iPhone Developer";
				COPY_PHASE_STRIP = NO;
				DEBUG_INFORMATION_FORMAT = dwarf;
				ENABLE_STRICT_OBJC_MSGSEND = YES;
				ENABLE_TESTABILITY = YES;
				GCC_C_LANGUAGE_STANDARD = gnu99;
				GCC_DYNAMIC_NO_PIC = NO;
				GCC_NO_COMMON_BLOCKS = YES;
				GCC_OPTIMIZATION_LEVEL = 0;
				GCC_PREPROCESSOR_DEFINITIONS = (
					"DEBUG=1",
					"$(inherited)",
				);
				GCC_WARN_64_TO_32_BIT_CONVERSION = YES;
				GCC_WARN_ABOUT_RETURN_TYPE = YES_ERROR;
				GCC_WARN_UNDECLARED_SELECTOR = YES;
				GCC_WARN_UNINITIALIZED_AUTOS = YES_AGGRESSIVE;
				GCC_WARN_UNUSED_FUNCTION = YES;
				GCC_WARN_UNUSED_VARIABLE = YES;
				IPHONEOS_DEPLOYMENT_TARGET = 10.2;
				MTL_ENABLE_DEBUG_INFO = YES;
				ONLY_ACTIVE_ARCH = YES;
				SDKROOT = iphoneos;
				SWIFT_ACTIVE_COMPILATION_CONDITIONS = DEBUG;
				SWIFT_OPTIMIZATION_LEVEL = "-Onone";
				TARGETED_DEVICE_FAMILY = "1,2";
			};
			name = Debug;
		};
		1F50530C1E33C8C400F20621 /* Release */ = {
			isa = XCBuildConfiguration;
			buildSettings = {
				ALWAYS_SEARCH_USER_PATHS = NO;
				CLANG_ANALYZER_NONNULL = YES;
				CLANG_CXX_LANGUAGE_STANDARD = "gnu++0x";
				CLANG_CXX_LIBRARY = "libc++";
				CLANG_ENABLE_MODULES = YES;
				CLANG_ENABLE_OBJC_ARC = YES;
				CLANG_WARN_BOOL_CONVERSION = YES;
				CLANG_WARN_CONSTANT_CONVERSION = YES;
				CLANG_WARN_DIRECT_OBJC_ISA_USAGE = YES_ERROR;
				CLANG_WARN_DOCUMENTATION_COMMENTS = YES;
				CLANG_WARN_EMPTY_BODY = YES;
				CLANG_WARN_ENUM_CONVERSION = YES;
				CLANG_WARN_INFINITE_RECURSION = YES;
				CLANG_WARN_INT_CONVERSION = YES;
				CLANG_WARN_OBJC_ROOT_CLASS = YES_ERROR;
				CLANG_WARN_SUSPICIOUS_MOVE = YES;
				CLANG_WARN_UNREACHABLE_CODE = YES;
				CLANG_WARN__DUPLICATE_METHOD_MATCH = YES;
				"CODE_SIGN_IDENTITY[sdk=iphoneos*]" = "iPhone Developer";
				COPY_PHASE_STRIP = NO;
				DEBUG_INFORMATION_FORMAT = "dwarf-with-dsym";
				ENABLE_NS_ASSERTIONS = NO;
				ENABLE_STRICT_OBJC_MSGSEND = YES;
				GCC_C_LANGUAGE_STANDARD = gnu99;
				GCC_NO_COMMON_BLOCKS = YES;
				GCC_WARN_64_TO_32_BIT_CONVERSION = YES;
				GCC_WARN_ABOUT_RETURN_TYPE = YES_ERROR;
				GCC_WARN_UNDECLARED_SELECTOR = YES;
				GCC_WARN_UNINITIALIZED_AUTOS = YES_AGGRESSIVE;
				GCC_WARN_UNUSED_FUNCTION = YES;
				GCC_WARN_UNUSED_VARIABLE = YES;
				IPHONEOS_DEPLOYMENT_TARGET = 10.2;
				MTL_ENABLE_DEBUG_INFO = NO;
				SDKROOT = iphoneos;
				SWIFT_OPTIMIZATION_LEVEL = "-Owholemodule";
				TARGETED_DEVICE_FAMILY = "1,2";
				VALIDATE_PRODUCT = YES;
			};
			name = Release;
		};
		1F50530E1E33C8C400F20621 /* Debug */ = {
			isa = XCBuildConfiguration;
			buildSettings = {
				ASSETCATALOG_COMPILER_APPICON_NAME = AppIcon;
				INFOPLIST_FILE = helloworld/Info.plist;
				LD_RUNPATH_SEARCH_PATHS = "$(inherited) @executable_path/Frameworks";
				PRODUCT_BUNDLE_IDENTIFIER = countrygirls.helloworld;
				PRODUCT_NAME = "$(TARGET_NAME)";
				SWIFT_VERSION = 3.0;
			};
			name = Debug;
		};
		1F50530F1E33C8C400F20621 /* Release */ = {
			isa = XCBuildConfiguration;
			buildSettings = {
				ASSETCATALOG_COMPILER_APPICON_NAME = AppIcon;
				INFOPLIST_FILE = helloworld/Info.plist;
				LD_RUNPATH_SEARCH_PATHS = "$(inherited) @executable_path/Frameworks";
				PRODUCT_BUNDLE_IDENTIFIER = countrygirls.helloworld;
				PRODUCT_NAME = "$(TARGET_NAME)";
				SWIFT_VERSION = 3.0;
			};
			name = Release;
		};
		1F5053111E33C8C400F20621 /* Debug */ = {
			isa = XCBuildConfiguration;
			buildSettings = {
				ALWAYS_EMBED_SWIFT_STANDARD_LIBRARIES = YES;
				BUNDLE_LOADER = "$(TEST_HOST)";
				INFOPLIST_FILE = helloworldTests/Info.plist;
				LD_RUNPATH_SEARCH_PATHS = "$(inherited) @executable_path/Frameworks @loader_path/Frameworks";
				PRODUCT_BUNDLE_IDENTIFIER = countrygirls.helloworldTests;
				PRODUCT_NAME = "$(TARGET_NAME)";
				SWIFT_VERSION = 3.0;
				TEST_HOST = "$(BUILT_PRODUCTS_DIR)/helloworld.app/helloworld";
			};
			name = Debug;
		};
		1F5053121E33C8C400F20621 /* Release */ = {
			isa = XCBuildConfiguration;
			buildSettings = {
				ALWAYS_EMBED_SWIFT_STANDARD_LIBRARIES = YES;
				BUNDLE_LOADER = "$(TEST_HOST)";
				INFOPLIST_FILE = helloworldTests/Info.plist;
				LD_RUNPATH_SEARCH_PATHS = "$(inherited) @executable_path/Frameworks @loader_path/Frameworks";
				PRODUCT_BUNDLE_IDENTIFIER = countrygirls.helloworldTests;
				PRODUCT_NAME = "$(TARGET_NAME)";
				SWIFT_VERSION = 3.0;
				TEST_HOST = "$(BUILT_PRODUCTS_DIR)/helloworld.app/helloworld";
			};
			name = Release;
		};
		1F5053141E33C8C400F20621 /* Debug */ = {
			isa = XCBuildConfiguration;
			buildSettings = {
				ALWAYS_EMBED_SWIFT_STANDARD_LIBRARIES = YES;
				INFOPLIST_FILE = helloworldUITests/Info.plist;
				LD_RUNPATH_SEARCH_PATHS = "$(inherited) @executable_path/Frameworks @loader_path/Frameworks";
				PRODUCT_BUNDLE_IDENTIFIER = countrygirls.helloworldUITests;
				PRODUCT_NAME = "$(TARGET_NAME)";
				SWIFT_VERSION = 3.0;
				TEST_TARGET_NAME = helloworld;
			};
			name = Debug;
		};
		1F5053151E33C8C400F20621 /* Release */ = {
			isa = XCBuildConfiguration;
			buildSettings = {
				ALWAYS_EMBED_SWIFT_STANDARD_LIBRARIES = YES;
				INFOPLIST_FILE = helloworldUITests/Info.plist;
				LD_RUNPATH_SEARCH_PATHS = "$(inherited) @executable_path/Frameworks @loader_path/Frameworks";
				PRODUCT_BUNDLE_IDENTIFIER = countrygirls.helloworldUITests;
				PRODUCT_NAME = "$(TARGET_NAME)";
				SWIFT_VERSION = 3.0;
				TEST_TARGET_NAME = helloworld;
			};
			name = Release;
		};
/* End XCBuildConfiguration section */

/* Begin XCConfigurationList section */
		1F5052DD1E33C8C400F20621 /* Build configuration list for PBXProject "helloworld" */ = {
			isa = XCConfigurationList;
			buildConfigurations = (
				1F50530B1E33C8C400F20621 /* Debug */,
				1F50530C1E33C8C400F20621 /* Release */,
			);
			defaultConfigurationIsVisible = 0;
			defaultConfigurationName = Release;
		};
		1F50530D1E33C8C400F20621 /* Build configuration list for PBXNativeTarget "helloworld" */ = {
			isa = XCConfigurationList;
			buildConfigurations = (
				1F50530E1E33C8C400F20621 /* Debug */,
				1F50530F1E33C8C400F20621 /* Release */,
			);
			defaultConfigurationIsVisible = 0;
		};
		1F5053101E33C8C400F20621 /* Build configuration list for PBXNativeTarget "helloworldTests" */ = {
			isa = XCConfigurationList;
			buildConfigurations = (
				1F5053111E33C8C400F20621 /* Debug */,
				1F5053121E33C8C400F20621 /* Release */,
			);
			defaultConfigurationIsVisible = 0;
		};
		1F5053131E33C8C400F20621 /* Build configuration list for PBXNativeTarget "helloworldUITests" */ = {
			isa = XCConfigurationList;
			buildConfigurations = (
				1F5053141E33C8C400F20621 /* Debug */,
				1F5053151E33C8C400F20621 /* Release */,
			);
			defaultConfigurationIsVisible = 0;
		};
/* End XCConfigurationList section */

/* Begin XCVersionGroup section */
		1F5052EC1E33C8C400F20621 /* helloworld.xcdatamodeld */ = {
			isa = XCVersionGroup;
			children = (
				1F5052ED1E33C8C400F20621 /* helloworld.xcdatamodel */,
			);
			currentVersion = 1F5052ED1E33C8C400F20621 /* helloworld.xcdatamodel */;
			path = helloworld.xcdatamodeld;
			sourceTree = "<group>";
			versionGroupType = wrapper.xcdatamodel;
		};
/* End XCVersionGroup section */
	};
	rootObject = 1F5052DA1E33C8C400F20621 /* Project object */;
}
